
Microsoft Visual Studio Solution File, Format Version 12.00
# Visual Studio Version 17
VisualStudioVersion = 17.0.32112.339
MinimumVisualStudioVersion = 10.0.40219.1
Project("{9A19103F-16F7-4668-BE54-9A1E7A4F7556}") = "day1", "adventofcode2023\day1.csproj", "{B7DCD835-FDF2-4070-AE57-B3D2F03DF2ED}"
EndProject
Project("{9A19103F-16F7-4668-BE54-9A1E7A4F7556}") = "day2", "day2\day2.csproj", "{06E8B193-5874-4A24-B83A-D3F4FFFF1D2B}"
EndProject
Project("{FAE04EC0-301F-11D3-BF4B-00C04F79EFBC}") = "day3", "day3\day3.csproj", "{D1B47FAB-87F5-41D5-A84C-6BA7467CFB1F}"
EndProject
Global
	GlobalSection(SolutionConfigurationPlatforms) = preSolution
		Debug|Any CPU = Debug|Any CPU
		Release|Any CPU = Release|Any CPU
	EndGlobalSection
	GlobalSection(ProjectConfigurationPlatforms) = postSolution
		{B7DCD835-FDF2-4070-AE57-B3D2F03DF2ED}.Debug|Any CPU.ActiveCfg = Debug|Any CPU
		{B7DCD835-FDF2-4070-AE57-B3D2F03DF2ED}.Debug|Any CPU.Build.0 = Debug|Any CPU
		{B7DCD835-FDF2-4070-AE57-B3D2F03DF2ED}.Release|Any CPU.ActiveCfg = Release|Any CPU
		{B7DCD835-FDF2-4070-AE57-B3D2F03DF2ED}.Release|Any CPU.Build.0 = Release|Any CPU
		{06E8B193-5874-4A24-B83A-D3F4FFFF1D2B}.Debug|Any CPU.ActiveCfg = Debug|Any CPU
		{06E8B193-5874-4A24-B83A-D3F4FFFF1D2B}.Debug|Any CPU.Build.0 = Debug|Any CPU
		{06E8B193-5874-4A24-B83A-D3F4FFFF1D2B}.Release|Any CPU.ActiveCfg = Release|Any CPU
		{06E8B193-5874-4A24-B83A-D3F4FFFF1D2B}.Release|Any CPU.Build.0 = Release|Any CPU
		{D1B47FAB-87F5-41D5-A84C-6BA7467CFB1F}.Debug|Any CPU.ActiveCfg = Debug|Any CPU
		{D1B47FAB-87F5-41D5-A84C-6BA7467CFB1F}.Debug|Any CPU.Build.0 = Debug|Any CPU
		{D1B47FAB-87F5-41D5-A84C-6BA7467CFB1F}.Release|Any CPU.ActiveCfg = Release|Any CPU
		{D1B47FAB-87F5-41D5-A84C-6BA7467CFB1F}.Release|Any CPU.Build.0 = Release|Any CPU
	EndGlobalSection
	GlobalSection(SolutionProperties) = preSolution
		HideSolutionNode = FALSE
	EndGlobalSection
	GlobalSection(ExtensibilityGlobals) = postSolution
		SolutionGuid = {6103EA9E-072F-4FD8-B267-AD58978B762D}
	EndGlobalSection
EndGlobal
